
Microsoft Visual Studio Solution File, Format Version 12.00
# Visual Studio 15
VisualStudioVersion = 15.0.27004.2002
MinimumVisualStudioVersion = 10.0.40219.1
Project("{FAE04EC0-301F-11D3-BF4B-00C04F79EFBC}") = "TheTruthIsOutThere", "TheTruthIsOutThere.csproj", "{1AEB312D-E0B6-4157-897E-5305A6D255D6}"
EndProject
Global
	GlobalSection(SolutionConfigurationPlatforms) = preSolution
		Debug|Any CPU = Debug|Any CPU
		Release|Any CPU = Release|Any CPU
	EndGlobalSection
	GlobalSection(ProjectConfigurationPlatforms) = postSolution
		{1AEB312D-E0B6-4157-897E-5305A6D255D6}.Debug|Any CPU.ActiveCfg = Debug|Any CPU
		{1AEB312D-E0B6-4157-897E-5305A6D255D6}.Debug|Any CPU.Build.0 = Debug|Any CPU
		{1AEB312D-E0B6-4157-897E-5305A6D255D6}.Release|Any CPU.ActiveCfg = Release|Any CPU
		{1AEB312D-E0B6-4157-897E-5305A6D255D6}.Release|Any CPU.Build.0 = Release|Any CPU
	EndGlobalSection
	GlobalSection(SolutionProperties) = preSolution
		HideSolutionNode = FALSE
	EndGlobalSection
	GlobalSection(ExtensibilityGlobals) = postSolution
		SolutionGuid = {2868839E-A81F-478F-B263-8112C46C2F0F}
	EndGlobalSection
EndGlobal
